
Microsoft Visual Studio Solution File, Format Version 12.00
# Visual Studio Version 17
VisualStudioVersion = 17.9.34607.119
MinimumVisualStudioVersion = 10.0.40219.1
Project("{FAE04EC0-301F-11D3-BF4B-00C04F79EFBC}") = "WindowsFormsApp2", "WindowsFormsApp2.csproj", "{BFF46DF7-EA9A-4F60-9297-AB39AB41FE4A}"
EndProject
Global
	GlobalSection(SolutionConfigurationPlatforms) = preSolution
		Debug|Any CPU = Debug|Any CPU
		Release|Any CPU = Release|Any CPU
	EndGlobalSection
	GlobalSection(ProjectConfigurationPlatforms) = postSolution
		{BFF46DF7-EA9A-4F60-9297-AB39AB41FE4A}.Debug|Any CPU.ActiveCfg = Debug|Any CPU
		{BFF46DF7-EA9A-4F60-9297-AB39AB41FE4A}.Debug|Any CPU.Build.0 = Debug|Any CPU
		{BFF46DF7-EA9A-4F60-9297-AB39AB41FE4A}.Release|Any CPU.ActiveCfg = Release|Any CPU
		{BFF46DF7-EA9A-4F60-9297-AB39AB41FE4A}.Release|Any CPU.Build.0 = Release|Any CPU
	EndGlobalSection
	GlobalSection(SolutionProperties) = preSolution
		HideSolutionNode = FALSE
	EndGlobalSection
	GlobalSection(ExtensibilityGlobals) = postSolution
		SolutionGuid = {06BE6829-B1D5-44FA-BAE2-8A29FF7D3CD9}
	EndGlobalSection
EndGlobal
